// !$*UTF8*$!
{
	archiveVersion = 1;
	classes = {
	};
	objectVersion = 55;
	objects = {

/* Begin PBXBuildFile section */
		A21AE86829B228B600B245B8 /* PreviousCommentsView.swift in Sources */ = {isa = PBXBuildFile; fileRef = A21AE86729B228B600B245B8 /* PreviousCommentsView.swift */; };
		A267EBA3298E6F660041C79E /* CommentCardWriterApp.swift in Sources */ = {isa = PBXBuildFile; fileRef = A267EBA2298E6F660041C79E /* CommentCardWriterApp.swift */; };
		A267EBA5298E6F660041C79E /* ContentView.swift in Sources */ = {isa = PBXBuildFile; fileRef = A267EBA4298E6F660041C79E /* ContentView.swift */; };
		A267EBA7298E6F680041C79E /* Assets.xcassets in Resources */ = {isa = PBXBuildFile; fileRef = A267EBA6298E6F680041C79E /* Assets.xcassets */; };
		A267EBAA298E6F680041C79E /* Preview Assets.xcassets in Resources */ = {isa = PBXBuildFile; fileRef = A267EBA9298E6F680041C79E /* Preview Assets.xcassets */; };
		A267EBB4298E6F680041C79E /* CommentCardWriterTests.swift in Sources */ = {isa = PBXBuildFile; fileRef = A267EBB3298E6F680041C79E /* CommentCardWriterTests.swift */; };
		A267EBBE298E6F680041C79E /* CommentCardWriterUITests.swift in Sources */ = {isa = PBXBuildFile; fileRef = A267EBBD298E6F680041C79E /* CommentCardWriterUITests.swift */; };
		A267EBC0298E6F680041C79E /* CommentCardWriterUITestsLaunchTests.swift in Sources */ = {isa = PBXBuildFile; fileRef = A267EBBF298E6F680041C79E /* CommentCardWriterUITestsLaunchTests.swift */; };
		A267EBCF298E70770041C79E /* Comment.swift in Sources */ = {isa = PBXBuildFile; fileRef = A267EBCE298E70770041C79E /* Comment.swift */; };
		A2C9505329A8EF2D00D4B934 /* Divisions.swift in Sources */ = {isa = PBXBuildFile; fileRef = A2C9505229A8EF2D00D4B934 /* Divisions.swift */; };
/* End PBXBuildFile section */

/* Begin PBXContainerItemProxy section */
		A267EBB0298E6F680041C79E /* PBXContainerItemProxy */ = {
			isa = PBXContainerItemProxy;
			containerPortal = A267EB97298E6F660041C79E /* Project object */;
			proxyType = 1;
			remoteGlobalIDString = A267EB9E298E6F660041C79E;
			remoteInfo = CommentCardWriter;
		};
		A267EBBA298E6F680041C79E /* PBXContainerItemProxy */ = {
			isa = PBXContainerItemProxy;
			containerPortal = A267EB97298E6F660041C79E /* Project object */;
			proxyType = 1;
			remoteGlobalIDString = A267EB9E298E6F660041C79E;
			remoteInfo = CommentCardWriter;
		};
/* End PBXContainerItemProxy section */

/* Begin PBXFileReference section */
		A21AE86729B228B600B245B8 /* PreviousCommentsView.swift */ = {isa = PBXFileReference; lastKnownFileType = sourcecode.swift; path = PreviousCommentsView.swift; sourceTree = "<group>"; };
		A267EB9F298E6F660041C79E /* CommentCardWriter.app */ = {isa = PBXFileReference; explicitFileType = wrapper.application; includeInIndex = 0; path = CommentCardWriter.app; sourceTree = BUILT_PRODUCTS_DIR; };
		A267EBA2298E6F660041C79E /* CommentCardWriterApp.swift */ = {isa = PBXFileReference; lastKnownFileType = sourcecode.swift; path = CommentCardWriterApp.swift; sourceTree = "<group>"; };
		A267EBA4298E6F660041C79E /* ContentView.swift */ = {isa = PBXFileReference; lastKnownFileType = sourcecode.swift; path = ContentView.swift; sourceTree = "<group>"; };
		A267EBA6298E6F680041C79E /* Assets.xcassets */ = {isa = PBXFileReference; lastKnownFileType = folder.assetcatalog; path = Assets.xcassets; sourceTree = "<group>"; };
		A267EBA9298E6F680041C79E /* Preview Assets.xcassets */ = {isa = PBXFileReference; lastKnownFileType = folder.assetcatalog; path = "Preview Assets.xcassets"; sourceTree = "<group>"; };
		A267EBAF298E6F680041C79E /* CommentCardWriterTests.xctest */ = {isa = PBXFileReference; explicitFileType = wrapper.cfbundle; includeInIndex = 0; path = CommentCardWriterTests.xctest; sourceTree = BUILT_PRODUCTS_DIR; };
		A267EBB3298E6F680041C79E /* CommentCardWriterTests.swift */ = {isa = PBXFileReference; lastKnownFileType = sourcecode.swift; path = CommentCardWriterTests.swift; sourceTree = "<group>"; };
		A267EBB9298E6F680041C79E /* CommentCardWriterUITests.xctest */ = {isa = PBXFileReference; explicitFileType = wrapper.cfbundle; includeInIndex = 0; path = CommentCardWriterUITests.xctest; sourceTree = BUILT_PRODUCTS_DIR; };
		A267EBBD298E6F680041C79E /* CommentCardWriterUITests.swift */ = {isa = PBXFileReference; lastKnownFileType = sourcecode.swift; path = CommentCardWriterUITests.swift; sourceTree = "<group>"; };
		A267EBBF298E6F680041C79E /* CommentCardWriterUITestsLaunchTests.swift */ = {isa = PBXFileReference; lastKnownFileType = sourcecode.swift; path = CommentCardWriterUITestsLaunchTests.swift; sourceTree = "<group>"; };
		A267EBCE298E70770041C79E /* Comment.swift */ = {isa = PBXFileReference; lastKnownFileType = sourcecode.swift; path = Comment.swift; sourceTree = "<group>"; };
		A2C9505229A8EF2D00D4B934 /* Divisions.swift */ = {isa = PBXFileReference; lastKnownFileType = sourcecode.swift; path = Divisions.swift; sourceTree = "<group>"; };
/* End PBXFileReference section */

/* Begin PBXFrameworksBuildPhase section */
		A267EB9C298E6F660041C79E /* Frameworks */ = {
			isa = PBXFrameworksBuildPhase;
			buildActionMask = 2147483647;
			files = (
			);
			runOnlyForDeploymentPostprocessing = 0;
		};
		A267EBAC298E6F680041C79E /* Frameworks */ = {
			isa = PBXFrameworksBuildPhase;
			buildActionMask = 2147483647;
			files = (
			);
			runOnlyForDeploymentPostprocessing = 0;
		};
		A267EBB6298E6F680041C79E /* Frameworks */ = {
			isa = PBXFrameworksBuildPhase;
			buildActionMask = 2147483647;
			files = (
			);
			runOnlyForDeploymentPostprocessing = 0;
		};
/* End PBXFrameworksBuildPhase section */

/* Begin PBXGroup section */
		A267EB96298E6F660041C79E = {
			isa = PBXGroup;
			children = (
				A267EBA1298E6F660041C79E /* CommentCardWriter */,
				A267EBB2298E6F680041C79E /* CommentCardWriterTests */,
				A267EBBC298E6F680041C79E /* CommentCardWriterUITests */,
				A267EBA0298E6F660041C79E /* Products */,
			);
			sourceTree = "<group>";
		};
		A267EBA0298E6F660041C79E /* Products */ = {
			isa = PBXGroup;
			children = (
				A267EB9F298E6F660041C79E /* CommentCardWriter.app */,
				A267EBAF298E6F680041C79E /* CommentCardWriterTests.xctest */,
				A267EBB9298E6F680041C79E /* CommentCardWriterUITests.xctest */,
			);
			name = Products;
			sourceTree = "<group>";
		};
		A267EBA1298E6F660041C79E /* CommentCardWriter */ = {
			isa = PBXGroup;
			children = (
				A267EBA4298E6F660041C79E /* ContentView.swift */,
				A21AE86729B228B600B245B8 /* PreviousCommentsView.swift */,
				A267EBA2298E6F660041C79E /* CommentCardWriterApp.swift */,
				A267EBCE298E70770041C79E /* Comment.swift */,
				A2C9505229A8EF2D00D4B934 /* Divisions.swift */,
				A267EBA6298E6F680041C79E /* Assets.xcassets */,
				A267EBA8298E6F680041C79E /* Preview Content */,
			);
			path = CommentCardWriter;
			sourceTree = "<group>";
		};
		A267EBA8298E6F680041C79E /* Preview Content */ = {
			isa = PBXGroup;
			children = (
				A267EBA9298E6F680041C79E /* Preview Assets.xcassets */,
			);
			path = "Preview Content";
			sourceTree = "<group>";
		};
		A267EBB2298E6F680041C79E /* CommentCardWriterTests */ = {
			isa = PBXGroup;
			children = (
				A267EBB3298E6F680041C79E /* CommentCardWriterTests.swift */,
			);
			path = CommentCardWriterTests;
			sourceTree = "<group>";
		};
		A267EBBC298E6F680041C79E /* CommentCardWriterUITests */ = {
			isa = PBXGroup;
			children = (
				A267EBBD298E6F680041C79E /* CommentCardWriterUITests.swift */,
				A267EBBF298E6F680041C79E /* CommentCardWriterUITestsLaunchTests.swift */,
			);
			path = CommentCardWriterUITests;
			sourceTree = "<group>";
		};
/* End PBXGroup section */

/* Begin PBXNativeTarget section */
		A267EB9E298E6F660041C79E /* CommentCardWriter */ = {
			isa = PBXNativeTarget;
			buildConfigurationList = A267EBC3298E6F680041C79E /* Build configuration list for PBXNativeTarget "CommentCardWriter" */;
			buildPhases = (
				A267EB9B298E6F660041C79E /* Sources */,
				A267EB9C298E6F660041C79E /* Frameworks */,
				A267EB9D298E6F660041C79E /* Resources */,
			);
			buildRules = (
			);
			dependencies = (
			);
			name = CommentCardWriter;
			productName = CommentCardWriter;
			productReference = A267EB9F298E6F660041C79E /* CommentCardWriter.app */;
			productType = "com.apple.product-type.application";
		};
		A267EBAE298E6F680041C79E /* CommentCardWriterTests */ = {
			isa = PBXNativeTarget;
			buildConfigurationList = A267EBC6298E6F680041C79E /* Build configuration list for PBXNativeTarget "CommentCardWriterTests" */;
			buildPhases = (
				A267EBAB298E6F680041C79E /* Sources */,
				A267EBAC298E6F680041C79E /* Frameworks */,
				A267EBAD298E6F680041C79E /* Resources */,
			);
			buildRules = (
			);
			dependencies = (
				A267EBB1298E6F680041C79E /* PBXTargetDependency */,
			);
			name = CommentCardWriterTests;
			productName = CommentCardWriterTests;
			productReference = A267EBAF298E6F680041C79E /* CommentCardWriterTests.xctest */;
			productType = "com.apple.product-type.bundle.unit-test";
		};
		A267EBB8298E6F680041C79E /* CommentCardWriterUITests */ = {
			isa = PBXNativeTarget;
			buildConfigurationList = A267EBC9298E6F680041C79E /* Build configuration list for PBXNativeTarget "CommentCardWriterUITests" */;
			buildPhases = (
				A267EBB5298E6F680041C79E /* Sources */,
				A267EBB6298E6F680041C79E /* Frameworks */,
				A267EBB7298E6F680041C79E /* Resources */,
			);
			buildRules = (
			);
			dependencies = (
				A267EBBB298E6F680041C79E /* PBXTargetDependency */,
			);
			name = CommentCardWriterUITests;
			productName = CommentCardWriterUITests;
			productReference = A267EBB9298E6F680041C79E /* CommentCardWriterUITests.xctest */;
			productType = "com.apple.product-type.bundle.ui-testing";
		};
/* End PBXNativeTarget section */

/* Begin PBXProject section */
		A267EB97298E6F660041C79E /* Project object */ = {
			isa = PBXProject;
			attributes = {
				BuildIndependentTargetsInParallel = 1;
				LastSwiftUpdateCheck = 1320;
				LastUpgradeCheck = 1320;
				TargetAttributes = {
					A267EB9E298E6F660041C79E = {
						CreatedOnToolsVersion = 13.2.1;
					};
					A267EBAE298E6F680041C79E = {
						CreatedOnToolsVersion = 13.2.1;
						TestTargetID = A267EB9E298E6F660041C79E;
					};
					A267EBB8298E6F680041C79E = {
						CreatedOnToolsVersion = 13.2.1;
						TestTargetID = A267EB9E298E6F660041C79E;
					};
				};
			};
			buildConfigurationList = A267EB9A298E6F660041C79E /* Build configuration list for PBXProject "CommentCardWriter" */;
			compatibilityVersion = "Xcode 13.0";
			developmentRegion = en;
			hasScannedForEncodings = 0;
			knownRegions = (
				en,
				Base,
			);
			mainGroup = A267EB96298E6F660041C79E;
			productRefGroup = A267EBA0298E6F660041C79E /* Products */;
			projectDirPath = "";
			projectRoot = "";
			targets = (
				A267EB9E298E6F660041C79E /* CommentCardWriter */,
				A267EBAE298E6F680041C79E /* CommentCardWriterTests */,
				A267EBB8298E6F680041C79E /* CommentCardWriterUITests */,
			);
		};
/* End PBXProject section */

/* Begin PBXResourcesBuildPhase section */
		A267EB9D298E6F660041C79E /* Resources */ = {
			isa = PBXResourcesBuildPhase;
			buildActionMask = 2147483647;
			files = (
				A267EBAA298E6F680041C79E /* Preview Assets.xcassets in Resources */,
				A267EBA7298E6F680041C79E /* Assets.xcassets in Resources */,
			);
			runOnlyForDeploymentPostprocessing = 0;
		};
		A267EBAD298E6F680041C79E /* Resources */ = {
			isa = PBXResourcesBuildPhase;
			buildActionMask = 2147483647;
			files = (
			);
			runOnlyForDeploymentPostprocessing = 0;
		};
		A267EBB7298E6F680041C79E /* Resources */ = {
			isa = PBXResourcesBuildPhase;
			buildActionMask = 2147483647;
			files = (
			);
			runOnlyForDeploymentPostprocessing = 0;
		};
/* End PBXResourcesBuildPhase section */

/* Begin PBXSourcesBuildPhase section */
		A267EB9B298E6F660041C79E /* Sources */ = {
			isa = PBXSourcesBuildPhase;
			buildActionMask = 2147483647;
			files = (
				A21AE86829B228B600B245B8 /* PreviousCommentsView.swift in Sources */,
				A267EBA5298E6F660041C79E /* ContentView.swift in Sources */,
				A267EBCF298E70770041C79E /* Comment.swift in Sources */,
				A2C9505329A8EF2D00D4B934 /* Divisions.swift in Sources */,
				A267EBA3298E6F660041C79E /* CommentCardWriterApp.swift in Sources */,
			);
			runOnlyForDeploymentPostprocessing = 0;
		};
		A267EBAB298E6F680041C79E /* Sources */ = {
			isa = PBXSourcesBuildPhase;
			buildActionMask = 2147483647;
			files = (
				A267EBB4298E6F680041C79E /* CommentCardWriterTests.swift in Sources */,
			);
			runOnlyForDeploymentPostprocessing = 0;
		};
		A267EBB5298E6F680041C79E /* Sources */ = {
			isa = PBXSourcesBuildPhase;
			buildActionMask = 2147483647;
			files = (
				A267EBBE298E6F680041C79E /* CommentCardWriterUITests.swift in Sources */,
				A267EBC0298E6F680041C79E /* CommentCardWriterUITestsLaunchTests.swift in Sources */,
			);
			runOnlyForDeploymentPostprocessing = 0;
		};
/* End PBXSourcesBuildPhase section */

/* Begin PBXTargetDependency section */
		A267EBB1298E6F680041C79E /* PBXTargetDependency */ = {
			isa = PBXTargetDependency;
			target = A267EB9E298E6F660041C79E /* CommentCardWriter */;
			targetProxy = A267EBB0298E6F680041C79E /* PBXContainerItemProxy */;
		};
		A267EBBB298E6F680041C79E /* PBXTargetDependency */ = {
			isa = PBXTargetDependency;
			target = A267EB9E298E6F660041C79E /* CommentCardWriter */;
			targetProxy = A267EBBA298E6F680041C79E /* PBXContainerItemProxy */;
		};
/* End PBXTargetDependency section */

/* Begin XCBuildConfiguration section */
		A267EBC1298E6F680041C79E /* Debug */ = {
			isa = XCBuildConfiguration;
			buildSettings = {
				ALWAYS_SEARCH_USER_PATHS = NO;
				CLANG_ANALYZER_NONNULL = YES;
				CLANG_ANALYZER_NUMBER_OBJECT_CONVERSION = YES_AGGRESSIVE;
				CLANG_CXX_LANGUAGE_STANDARD = "gnu++17";
				CLANG_CXX_LIBRARY = "libc++";
				CLANG_ENABLE_MODULES = YES;
				CLANG_ENABLE_OBJC_ARC = YES;
				CLANG_ENABLE_OBJC_WEAK = YES;
				CLANG_WARN_BLOCK_CAPTURE_AUTORELEASING = YES;
				CLANG_WARN_BOOL_CONVERSION = YES;
				CLANG_WARN_COMMA = YES;
				CLANG_WARN_CONSTANT_CONVERSION = YES;
				CLANG_WARN_DEPRECATED_OBJC_IMPLEMENTATIONS = YES;
				CLANG_WARN_DIRECT_OBJC_ISA_USAGE = YES_ERROR;
				CLANG_WARN_DOCUMENTATION_COMMENTS = YES;
				CLANG_WARN_EMPTY_BODY = YES;
				CLANG_WARN_ENUM_CONVERSION = YES;
				CLANG_WARN_INFINITE_RECURSION = YES;
				CLANG_WARN_INT_CONVERSION = YES;
				CLANG_WARN_NON_LITERAL_NULL_CONVERSION = YES;
				CLANG_WARN_OBJC_IMPLICIT_RETAIN_SELF = YES;
				CLANG_WARN_OBJC_LITERAL_CONVERSION = YES;
				CLANG_WARN_OBJC_ROOT_CLASS = YES_ERROR;
				CLANG_WARN_QUOTED_INCLUDE_IN_FRAMEWORK_HEADER = YES;
				CLANG_WARN_RANGE_LOOP_ANALYSIS = YES;
				CLANG_WARN_STRICT_PROTOTYPES = YES;
				CLANG_WARN_SUSPICIOUS_MOVE = YES;
				CLANG_WARN_UNGUARDED_AVAILABILITY = YES_AGGRESSIVE;
				CLANG_WARN_UNREACHABLE_CODE = YES;
				CLANG_WARN__DUPLICATE_METHOD_MATCH = YES;
				COPY_PHASE_STRIP = NO;
				DEBUG_INFORMATION_FORMAT = dwarf;
				ENABLE_STRICT_OBJC_MSGSEND = YES;
				ENABLE_TESTABILITY = YES;
				GCC_C_LANGUAGE_STANDARD = gnu11;
				GCC_DYNAMIC_NO_PIC = NO;
				GCC_NO_COMMON_BLOCKS = YES;
				GCC_OPTIMIZATION_LEVEL = 0;
				GCC_PREPROCESSOR_DEFINITIONS = (
					"DEBUG=1",
					"$(inherited)",
				);
				GCC_WARN_64_TO_32_BIT_CONVERSION = YES;
				GCC_WARN_ABOUT_RETURN_TYPE = YES_ERROR;
				GCC_WARN_UNDECLARED_SELECTOR = YES;
				GCC_WARN_UNINITIALIZED_AUTOS = YES_AGGRESSIVE;
				GCC_WARN_UNUSED_FUNCTION = YES;
				GCC_WARN_UNUSED_VARIABLE = YES;
				IPHONEOS_DEPLOYMENT_TARGET = 15.2;
				MTL_ENABLE_DEBUG_INFO = INCLUDE_SOURCE;
				MTL_FAST_MATH = YES;
				ONLY_ACTIVE_ARCH = YES;
				SDKROOT = iphoneos;
				SWIFT_ACTIVE_COMPILATION_CONDITIONS = DEBUG;
				SWIFT_OPTIMIZATION_LEVEL = "-Onone";
			};
			name = Debug;
		};
		A267EBC2298E6F680041C79E /* Release */ = {
			isa = XCBuildConfiguration;
			buildSettings = {
				ALWAYS_SEARCH_USER_PATHS = NO;
				CLANG_ANALYZER_NONNULL = YES;
				CLANG_ANALYZER_NUMBER_OBJECT_CONVERSION = YES_AGGRESSIVE;
				CLANG_CXX_LANGUAGE_STANDARD = "gnu++17";
				CLANG_CXX_LIBRARY = "libc++";
				CLANG_ENABLE_MODULES = YES;
				CLANG_ENABLE_OBJC_ARC = YES;
				CLANG_ENABLE_OBJC_WEAK = YES;
				CLANG_WARN_BLOCK_CAPTURE_AUTORELEASING = YES;
				CLANG_WARN_BOOL_CONVERSION = YES;
				CLANG_WARN_COMMA = YES;
				CLANG_WARN_CONSTANT_CONVERSION = YES;
				CLANG_WARN_DEPRECATED_OBJC_IMPLEMENTATIONS = YES;
				CLANG_WARN_DIRECT_OBJC_ISA_USAGE = YES_ERROR;
				CLANG_WARN_DOCUMENTATION_COMMENTS = YES;
				CLANG_WARN_EMPTY_BODY = YES;
				CLANG_WARN_ENUM_CONVERSION = YES;
				CLANG_WARN_INFINITE_RECURSION = YES;
				CLANG_WARN_INT_CONVERSION = YES;
				CLANG_WARN_NON_LITERAL_NULL_CONVERSION = YES;
				CLANG_WARN_OBJC_IMPLICIT_RETAIN_SELF = YES;
				CLANG_WARN_OBJC_LITERAL_CONVERSION = YES;
				CLANG_WARN_OBJC_ROOT_CLASS = YES_ERROR;
				CLANG_WARN_QUOTED_INCLUDE_IN_FRAMEWORK_HEADER = YES;
				CLANG_WARN_RANGE_LOOP_ANALYSIS = YES;
				CLANG_WARN_STRICT_PROTOTYPES = YES;
				CLANG_WARN_SUSPICIOUS_MOVE = YES;
				CLANG_WARN_UNGUARDED_AVAILABILITY = YES_AGGRESSIVE;
				CLANG_WARN_UNREACHABLE_CODE = YES;
				CLANG_WARN__DUPLICATE_METHOD_MATCH = YES;
				COPY_PHASE_STRIP = NO;
				DEBUG_INFORMATION_FORMAT = "dwarf-with-dsym";
				ENABLE_NS_ASSERTIONS = NO;
				ENABLE_STRICT_OBJC_MSGSEND = YES;
				GCC_C_LANGUAGE_STANDARD = gnu11;
				GCC_NO_COMMON_BLOCKS = YES;
				GCC_WARN_64_TO_32_BIT_CONVERSION = YES;
				GCC_WARN_ABOUT_RETURN_TYPE = YES_ERROR;
				GCC_WARN_UNDECLARED_SELECTOR = YES;
				GCC_WARN_UNINITIALIZED_AUTOS = YES_AGGRESSIVE;
				GCC_WARN_UNUSED_FUNCTION = YES;
				GCC_WARN_UNUSED_VARIABLE = YES;
				IPHONEOS_DEPLOYMENT_TARGET = 15.2;
				MTL_ENABLE_DEBUG_INFO = NO;
				MTL_FAST_MATH = YES;
				SDKROOT = iphoneos;
				SWIFT_COMPILATION_MODE = wholemodule;
				SWIFT_OPTIMIZATION_LEVEL = "-O";
				VALIDATE_PRODUCT = YES;
			};
			name = Release;
		};
		A267EBC4298E6F680041C79E /* Debug */ = {
			isa = XCBuildConfiguration;
			buildSettings = {
				ASSETCATALOG_COMPILER_APPICON_NAME = AppIcon;
				ASSETCATALOG_COMPILER_GLOBAL_ACCENT_COLOR_NAME = AccentColor;
				CODE_SIGN_STYLE = Automatic;
				CURRENT_PROJECT_VERSION = 1;
				DEVELOPMENT_ASSET_PATHS = "\"CommentCardWriter/Preview Content\"";
				ENABLE_PREVIEWS = YES;
				GENERATE_INFOPLIST_FILE = YES;
				INFOPLIST_KEY_UIApplicationSceneManifest_Generation = YES;
				INFOPLIST_KEY_UIApplicationSupportsIndirectInputEvents = YES;
				INFOPLIST_KEY_UILaunchScreen_Generation = YES;
				INFOPLIST_KEY_UISupportedInterfaceOrientations_iPad = "UIInterfaceOrientationPortrait UIInterfaceOrientationPortraitUpsideDown UIInterfaceOrientationLandscapeLeft UIInterfaceOrientationLandscapeRight";
				INFOPLIST_KEY_UISupportedInterfaceOrientations_iPhone = "UIInterfaceOrientationPortrait UIInterfaceOrientationLandscapeLeft UIInterfaceOrientationLandscapeRight";
				LD_RUNPATH_SEARCH_PATHS = (
					"$(inherited)",
					"@executable_path/Frameworks",
				);
				MARKETING_VERSION = 1.0;
				PRODUCT_BUNDLE_IDENTIFIER = com.DylanGuo.CommentCardWriter;
				PRODUCT_NAME = "$(TARGET_NAME)";
				SWIFT_EMIT_LOC_STRINGS = YES;
				SWIFT_VERSION = 5.0;
				TARGETED_DEVICE_FAMILY = "1,2";
			};
			name = Debug;
		};
		A267EBC5298E6F680041C79E /* Release */ = {
			isa = XCBuildConfiguration;
			buildSettings = {
				ASSETCATALOG_COMPILER_APPICON_NAME = AppIcon;
				ASSETCATALOG_COMPILER_GLOBAL_ACCENT_COLOR_NAME = AccentColor;
				CODE_SIGN_STYLE = Automatic;
				CURRENT_PROJECT_VERSION = 1;
				DEVELOPMENT_ASSET_PATHS = "\"CommentCardWriter/Preview Content\"";
				ENABLE_PREVIEWS = YES;
				GENERATE_INFOPLIST_FILE = YES;
				INFOPLIST_KEY_UIApplicationSceneManifest_Generation = YES;
				INFOPLIST_KEY_UIApplicationSupportsIndirectInputEvents = YES;
				INFOPLIST_KEY_UILaunchScreen_Generation = YES;
				INFOPLIST_KEY_UISupportedInterfaceOrientations_iPad = "UIInterfaceOrientationPortrait UIInterfaceOrientationPortraitUpsideDown UIInterfaceOrientationLandscapeLeft UIInterfaceOrientationLandscapeRight";
				INFOPLIST_KEY_UISupportedInterfaceOrientations_iPhone = "UIInterfaceOrientationPortrait UIInterfaceOrientationLandscapeLeft UIInterfaceOrientationLandscapeRight";
				LD_RUNPATH_SEARCH_PATHS = (
					"$(inherited)",
					"@executable_path/Frameworks",
				);
				MARKETING_VERSION = 1.0;
				PRODUCT_BUNDLE_IDENTIFIER = com.DylanGuo.CommentCardWriter;
				PRODUCT_NAME = "$(TARGET_NAME)";
				SWIFT_EMIT_LOC_STRINGS = YES;
				SWIFT_VERSION = 5.0;
				TARGETED_DEVICE_FAMILY = "1,2";
			};
			name = Release;
		};
		A267EBC7298E6F680041C79E /* Debug */ = {
			isa = XCBuildConfiguration;
			buildSettings = {
				ALWAYS_EMBED_SWIFT_STANDARD_LIBRARIES = YES;
				BUNDLE_LOADER = "$(TEST_HOST)";
				CODE_SIGN_STYLE = Automatic;
				CURRENT_PROJECT_VERSION = 1;
				GENERATE_INFOPLIST_FILE = YES;
				IPHONEOS_DEPLOYMENT_TARGET = 15.2;
				MARKETING_VERSION = 1.0;
				PRODUCT_BUNDLE_IDENTIFIER = com.DylanGuo.CommentCardWriterTests;
				PRODUCT_NAME = "$(TARGET_NAME)";
				SWIFT_EMIT_LOC_STRINGS = NO;
				SWIFT_VERSION = 5.0;
				TARGETED_DEVICE_FAMILY = "1,2";
				TEST_HOST = "$(BUILT_PRODUCTS_DIR)/CommentCardWriter.app/CommentCardWriter";
			};
			name = Debug;
		};
		A267EBC8298E6F680041C79E /* Release */ = {
			isa = XCBuildConfiguration;
			buildSettings = {
				ALWAYS_EMBED_SWIFT_STANDARD_LIBRARIES = YES;
				BUNDLE_LOADER = "$(TEST_HOST)";
				CODE_SIGN_STYLE = Automatic;
				CURRENT_PROJECT_VERSION = 1;
				GENERATE_INFOPLIST_FILE = YES;
				IPHONEOS_DEPLOYMENT_TARGET = 15.2;
				MARKETING_VERSION = 1.0;
				PRODUCT_BUNDLE_IDENTIFIER = com.DylanGuo.CommentCardWriterTests;
				PRODUCT_NAME = "$(TARGET_NAME)";
				SWIFT_EMIT_LOC_STRINGS = NO;
				SWIFT_VERSION = 5.0;
				TARGETED_DEVICE_FAMILY = "1,2";
				TEST_HOST = "$(BUILT_PRODUCTS_DIR)/CommentCardWriter.app/CommentCardWriter";
			};
			name = Release;
		};
		A267EBCA298E6F680041C79E /* Debug */ = {
			isa = XCBuildConfiguration;
			buildSettings = {
				ALWAYS_EMBED_SWIFT_STANDARD_LIBRARIES = YES;
				CODE_SIGN_STYLE = Automatic;
				CURRENT_PROJECT_VERSION = 1;
				GENERATE_INFOPLIST_FILE = YES;
				MARKETING_VERSION = 1.0;
				PRODUCT_BUNDLE_IDENTIFIER = com.DylanGuo.CommentCardWriterUITests;
				PRODUCT_NAME = "$(TARGET_NAME)";
				SWIFT_EMIT_LOC_STRINGS = NO;
				SWIFT_VERSION = 5.0;
				TARGETED_DEVICE_FAMILY = "1,2";
				TEST_TARGET_NAME = CommentCardWriter;
			};
			name = Debug;
		};
		A267EBCB298E6F680041C79E /* Release */ = {
			isa = XCBuildConfiguration;
			buildSettings = {
				ALWAYS_EMBED_SWIFT_STANDARD_LIBRARIES = YES;
				CODE_SIGN_STYLE = Automatic;
				CURRENT_PROJECT_VERSION = 1;
				GENERATE_INFOPLIST_FILE = YES;
				MARKETING_VERSION = 1.0;
				PRODUCT_BUNDLE_IDENTIFIER = com.DylanGuo.CommentCardWriterUITests;
				PRODUCT_NAME = "$(TARGET_NAME)";
				SWIFT_EMIT_LOC_STRINGS = NO;
				SWIFT_VERSION = 5.0;
				TARGETED_DEVICE_FAMILY = "1,2";
				TEST_TARGET_NAME = CommentCardWriter;
			};
			name = Release;
		};
/* End XCBuildConfiguration section */

/* Begin XCConfigurationList section */
		A267EB9A298E6F660041C79E /* Build configuration list for PBXProject "CommentCardWriter" */ = {
			isa = XCConfigurationList;
			buildConfigurations = (
				A267EBC1298E6F680041C79E /* Debug */,
				A267EBC2298E6F680041C79E /* Release */,
			);
			defaultConfigurationIsVisible = 0;
			defaultConfigurationName = Release;
		};
		A267EBC3298E6F680041C79E /* Build configuration list for PBXNativeTarget "CommentCardWriter" */ = {
			isa = XCConfigurationList;
			buildConfigurations = (
				A267EBC4298E6F680041C79E /* Debug */,
				A267EBC5298E6F680041C79E /* Release */,
			);
			defaultConfigurationIsVisible = 0;
			defaultConfigurationName = Release;
		};
		A267EBC6298E6F680041C79E /* Build configuration list for PBXNativeTarget "CommentCardWriterTests" */ = {
			isa = XCConfigurationList;
			buildConfigurations = (
				A267EBC7298E6F680041C79E /* Debug */,
				A267EBC8298E6F680041C79E /* Release */,
			);
			defaultConfigurationIsVisible = 0;
			defaultConfigurationName = Release;
		};
		A267EBC9298E6F680041C79E /* Build configuration list for PBXNativeTarget "CommentCardWriterUITests" */ = {
			isa = XCConfigurationList;
			buildConfigurations = (
				A267EBCA298E6F680041C79E /* Debug */,
				A267EBCB298E6F680041C79E /* Release */,
			);
			defaultConfigurationIsVisible = 0;
			defaultConfigurationName = Release;
		};
/* End XCConfigurationList section */
	};
	rootObject = A267EB97298E6F660041C79E /* Project object */;
}
